
Microsoft Visual Studio Solution File, Format Version 12.00
# Visual Studio 15
VisualStudioVersion = 15.0.27130.2010
MinimumVisualStudioVersion = 10.0.40219.1
Project("{FAE04EC0-301F-11D3-BF4B-00C04F79EFBC}") = "mosh-csharp-basic", "mosh-csharp-basic\mosh-csharp-basic.csproj", "{BC428A53-4B68-48FF-8509-B732E0FFEA6F}"
EndProject
Global
	GlobalSection(SolutionConfigurationPlatforms) = preSolution
		Debug|Any CPU = Debug|Any CPU
		Release|Any CPU = Release|Any CPU
	EndGlobalSection
	GlobalSection(ProjectConfigurationPlatforms) = postSolution
		{BC428A53-4B68-48FF-8509-B732E0FFEA6F}.Debug|Any CPU.ActiveCfg = Debug|Any CPU
		{BC428A53-4B68-48FF-8509-B732E0FFEA6F}.Debug|Any CPU.Build.0 = Debug|Any CPU
		{BC428A53-4B68-48FF-8509-B732E0FFEA6F}.Release|Any CPU.ActiveCfg = Release|Any CPU
		{BC428A53-4B68-48FF-8509-B732E0FFEA6F}.Release|Any CPU.Build.0 = Release|Any CPU
	EndGlobalSection
	GlobalSection(SolutionProperties) = preSolution
		HideSolutionNode = FALSE
	EndGlobalSection
	GlobalSection(ExtensibilityGlobals) = postSolution
		SolutionGuid = {EFB8805E-4E30-4DD6-8837-590C46B1224B}
	EndGlobalSection
EndGlobal
